<?xml version="1.0" encoding="utf-8"?>
<Project ToolsVersion="17.0" xmlns="http://schemas.microsoft.com/developer/msbuild/2003">
  <ItemGroup>
    <CustomBuild Include="E:\Projects\Latest\stacky-NG\build_artifacts\CMake\x86\Release\CMakeFiles\0c646cd18cb05503c0ba279e95bd3a5b\generate.stamp.rule">
      <Filter>CMake Rules</Filter>
    </CustomBuild>
  </ItemGroup>
  <ItemGroup>
    <Filter Include="CMake Rules">
      <UniqueIdentifier>{D3E689FE-DE60-32DF-8D83-B134D273C4B6}</UniqueIdentifier>
    </Filter>
  </ItemGroup>
</Project>
