
Microsoft Visual Studio Solution File, Format Version 12.00
# Visual Studio Version 17
Project("{8BC9CEB8-8B4A-11D0-8D11-00A0C91BC942}") = "ALL_BUILD", "ALL_BUILD.vcxproj", "{DD9898B1-23A9-319F-BF13-E6D99D20D578}"
	ProjectSection(ProjectDependencies) = postProject
		{5BF833C2-9A71-312D-AC48-1A5D25255DE8} = {5BF833C2-9A71-312D-AC48-1A5D25255DE8}
		{424D7F8A-6B6D-3524-99AE-5CB6014E0761} = {424D7F8A-6B6D-3524-99AE-5CB6014E0761}
	EndProjectSection
EndProject
Project("{8BC9CEB8-8B4A-11D0-8D11-00A0C91BC942}") = "ZERO_CHECK", "ZERO_CHECK.vcxproj", "{5BF833C2-9A71-312D-AC48-1A5D25255DE8}"
	ProjectSection(ProjectDependencies) = postProject
	EndProjectSection
EndProject
Project("{8BC9CEB8-8B4A-11D0-8D11-00A0C91BC942}") = "stacky", "stacky.vcxproj", "{424D7F8A-6B6D-3524-99AE-5CB6014E0761}"
	ProjectSection(ProjectDependencies) = postProject
		{5BF833C2-9A71-312D-AC48-1A5D25255DE8} = {5BF833C2-9A71-312D-AC48-1A5D25255DE8}
	EndProjectSection
EndProject
Global
	GlobalSection(SolutionConfigurationPlatforms) = preSolution
		Debug|x64 = Debug|x64
		Release|x64 = Release|x64
		MinSizeRel|x64 = MinSizeRel|x64
		RelWithDebInfo|x64 = RelWithDebInfo|x64
	EndGlobalSection
	GlobalSection(ProjectConfigurationPlatforms) = postSolution
		{DD9898B1-23A9-319F-BF13-E6D99D20D578}.Debug|x64.ActiveCfg = Debug|x64
		{DD9898B1-23A9-319F-BF13-E6D99D20D578}.Release|x64.ActiveCfg = Release|x64
		{DD9898B1-23A9-319F-BF13-E6D99D20D578}.MinSizeRel|x64.ActiveCfg = MinSizeRel|x64
		{DD9898B1-23A9-319F-BF13-E6D99D20D578}.RelWithDebInfo|x64.ActiveCfg = RelWithDebInfo|x64
		{5BF833C2-9A71-312D-AC48-1A5D25255DE8}.Debug|x64.ActiveCfg = Debug|x64
		{5BF833C2-9A71-312D-AC48-1A5D25255DE8}.Debug|x64.Build.0 = Debug|x64
		{5BF833C2-9A71-312D-AC48-1A5D25255DE8}.Release|x64.ActiveCfg = Release|x64
		{5BF833C2-9A71-312D-AC48-1A5D25255DE8}.Release|x64.Build.0 = Release|x64
		{5BF833C2-9A71-312D-AC48-1A5D25255DE8}.MinSizeRel|x64.ActiveCfg = MinSizeRel|x64
		{5BF833C2-9A71-312D-AC48-1A5D25255DE8}.MinSizeRel|x64.Build.0 = MinSizeRel|x64
		{5BF833C2-9A71-312D-AC48-1A5D25255DE8}.RelWithDebInfo|x64.ActiveCfg = RelWithDebInfo|x64
		{5BF833C2-9A71-312D-AC48-1A5D25255DE8}.RelWithDebInfo|x64.Build.0 = RelWithDebInfo|x64
		{424D7F8A-6B6D-3524-99AE-5CB6014E0761}.Debug|x64.ActiveCfg = Debug|x64
		{424D7F8A-6B6D-3524-99AE-5CB6014E0761}.Debug|x64.Build.0 = Debug|x64
		{424D7F8A-6B6D-3524-99AE-5CB6014E0761}.Release|x64.ActiveCfg = Release|x64
		{424D7F8A-6B6D-3524-99AE-5CB6014E0761}.Release|x64.Build.0 = Release|x64
		{424D7F8A-6B6D-3524-99AE-5CB6014E0761}.MinSizeRel|x64.ActiveCfg = MinSizeRel|x64
		{424D7F8A-6B6D-3524-99AE-5CB6014E0761}.MinSizeRel|x64.Build.0 = MinSizeRel|x64
		{424D7F8A-6B6D-3524-99AE-5CB6014E0761}.RelWithDebInfo|x64.ActiveCfg = RelWithDebInfo|x64
		{424D7F8A-6B6D-3524-99AE-5CB6014E0761}.RelWithDebInfo|x64.Build.0 = RelWithDebInfo|x64
	EndGlobalSection
	GlobalSection(ExtensibilityGlobals) = postSolution
		SolutionGuid = {4ACB8465-554C-3FA3-814B-D5A544505467}
	EndGlobalSection
	GlobalSection(ExtensibilityAddIns) = postSolution
	EndGlobalSection
EndGlobal
