<?xml version="1.0" encoding="utf-8"?>
<Project ToolsVersion="17.0" xmlns="http://schemas.microsoft.com/developer/msbuild/2003">
  <ItemGroup>
    <CustomBuild Include="E:\Projects\Latest\stacky-NG\build_artifacts\CMake\arm64\Debug\CMakeFiles\97356351fa0b7dc63e742dcf3a8452a4\generate.stamp.rule">
      <Filter>CMake Rules</Filter>
    </CustomBuild>
  </ItemGroup>
  <ItemGroup>
    <Filter Include="CMake Rules">
      <UniqueIdentifier>{5025C970-A3E7-3E11-BC05-649FC89A568F}</UniqueIdentifier>
    </Filter>
  </ItemGroup>
</Project>
